
Microsoft Visual Studio Solution File, Format Version 12.00
# Visual Studio Version 17
VisualStudioVersion = 17.2.32630.192
MinimumVisualStudioVersion = 10.0.40219.1
Project("{8BC9CEB8-8B4A-11D0-8D11-00A0C91BC942}") = "单向链表", "单向链表\单向链表.vcxproj", "{5E9FBA4D-6EC9-41D5-8D06-3684D6F74306}"
EndProject
Project("{8BC9CEB8-8B4A-11D0-8D11-00A0C91BC942}") = "顺序表", "顺序表\顺序表.vcxproj", "{32089562-4729-4E28-9A25-E90C7E4C07E5}"
EndProject
Project("{8BC9CEB8-8B4A-11D0-8D11-00A0C91BC942}") = "双向链表", "双向链表\双向链表.vcxproj", "{4F050FAF-5516-4206-987B-A978A3FB1C4F}"
EndProject
Project("{8BC9CEB8-8B4A-11D0-8D11-00A0C91BC942}") = "顺序栈", "顺序栈\顺序栈.vcxproj", "{DE41201B-7A4A-450D-A9E3-E4A5801D3991}"
EndProject
Project("{8BC9CEB8-8B4A-11D0-8D11-00A0C91BC942}") = "循环队列", "循环队列\循环队列.vcxproj", "{064D28E7-4F22-4F76-999D-31A7FCE59968}"
EndProject
Project("{8BC9CEB8-8B4A-11D0-8D11-00A0C91BC942}") = "链式队列", "链式队列\链式队列.vcxproj", "{299CC596-6AC3-4C31-A137-41983C11980A}"
EndProject
Project("{8BC9CEB8-8B4A-11D0-8D11-00A0C91BC942}") = "链式队列2", "链式队列2\链式队列2.vcxproj", "{4BC3B7B3-E0A8-465A-B184-497624F62507}"
EndProject
Project("{8BC9CEB8-8B4A-11D0-8D11-00A0C91BC942}") = "普通二叉树", "普通二叉树\普通二叉树.vcxproj", "{D261CC1A-2101-41CC-8298-50CD3D1C6B70}"
EndProject
Project("{8BC9CEB8-8B4A-11D0-8D11-00A0C91BC942}") = "线索二叉树", "线索二叉树\线索二叉树.vcxproj", "{60374706-45F5-470C-9B73-0DC2ADBF66DB}"
EndProject
Global
	GlobalSection(SolutionConfigurationPlatforms) = preSolution
		Debug|x64 = Debug|x64
		Debug|x86 = Debug|x86
		Release|x64 = Release|x64
		Release|x86 = Release|x86
	EndGlobalSection
	GlobalSection(ProjectConfigurationPlatforms) = postSolution
		{5E9FBA4D-6EC9-41D5-8D06-3684D6F74306}.Debug|x64.ActiveCfg = Debug|x64
		{5E9FBA4D-6EC9-41D5-8D06-3684D6F74306}.Debug|x64.Build.0 = Debug|x64
		{5E9FBA4D-6EC9-41D5-8D06-3684D6F74306}.Debug|x86.ActiveCfg = Debug|Win32
		{5E9FBA4D-6EC9-41D5-8D06-3684D6F74306}.Debug|x86.Build.0 = Debug|Win32
		{5E9FBA4D-6EC9-41D5-8D06-3684D6F74306}.Release|x64.ActiveCfg = Release|x64
		{5E9FBA4D-6EC9-41D5-8D06-3684D6F74306}.Release|x64.Build.0 = Release|x64
		{5E9FBA4D-6EC9-41D5-8D06-3684D6F74306}.Release|x86.ActiveCfg = Release|Win32
		{5E9FBA4D-6EC9-41D5-8D06-3684D6F74306}.Release|x86.Build.0 = Release|Win32
		{32089562-4729-4E28-9A25-E90C7E4C07E5}.Debug|x64.ActiveCfg = Debug|x64
		{32089562-4729-4E28-9A25-E90C7E4C07E5}.Debug|x64.Build.0 = Debug|x64
		{32089562-4729-4E28-9A25-E90C7E4C07E5}.Debug|x86.ActiveCfg = Debug|Win32
		{32089562-4729-4E28-9A25-E90C7E4C07E5}.Debug|x86.Build.0 = Debug|Win32
		{32089562-4729-4E28-9A25-E90C7E4C07E5}.Release|x64.ActiveCfg = Release|x64
		{32089562-4729-4E28-9A25-E90C7E4C07E5}.Release|x64.Build.0 = Release|x64
		{32089562-4729-4E28-9A25-E90C7E4C07E5}.Release|x86.ActiveCfg = Release|Win32
		{32089562-4729-4E28-9A25-E90C7E4C07E5}.Release|x86.Build.0 = Release|Win32
		{4F050FAF-5516-4206-987B-A978A3FB1C4F}.Debug|x64.ActiveCfg = Debug|x64
		{4F050FAF-5516-4206-987B-A978A3FB1C4F}.Debug|x64.Build.0 = Debug|x64
		{4F050FAF-5516-4206-987B-A978A3FB1C4F}.Debug|x86.ActiveCfg = Debug|Win32
		{4F050FAF-5516-4206-987B-A978A3FB1C4F}.Debug|x86.Build.0 = Debug|Win32
		{4F050FAF-5516-4206-987B-A978A3FB1C4F}.Release|x64.ActiveCfg = Release|x64
		{4F050FAF-5516-4206-987B-A978A3FB1C4F}.Release|x64.Build.0 = Release|x64
		{4F050FAF-5516-4206-987B-A978A3FB1C4F}.Release|x86.ActiveCfg = Release|Win32
		{4F050FAF-5516-4206-987B-A978A3FB1C4F}.Release|x86.Build.0 = Release|Win32
		{DE41201B-7A4A-450D-A9E3-E4A5801D3991}.Debug|x64.ActiveCfg = Debug|x64
		{DE41201B-7A4A-450D-A9E3-E4A5801D3991}.Debug|x64.Build.0 = Debug|x64
		{DE41201B-7A4A-450D-A9E3-E4A5801D3991}.Debug|x86.ActiveCfg = Debug|Win32
		{DE41201B-7A4A-450D-A9E3-E4A5801D3991}.Debug|x86.Build.0 = Debug|Win32
		{DE41201B-7A4A-450D-A9E3-E4A5801D3991}.Release|x64.ActiveCfg = Release|x64
		{DE41201B-7A4A-450D-A9E3-E4A5801D3991}.Release|x64.Build.0 = Release|x64
		{DE41201B-7A4A-450D-A9E3-E4A5801D3991}.Release|x86.ActiveCfg = Release|Win32
		{DE41201B-7A4A-450D-A9E3-E4A5801D3991}.Release|x86.Build.0 = Release|Win32
		{064D28E7-4F22-4F76-999D-31A7FCE59968}.Debug|x64.ActiveCfg = Debug|x64
		{064D28E7-4F22-4F76-999D-31A7FCE59968}.Debug|x64.Build.0 = Debug|x64
		{064D28E7-4F22-4F76-999D-31A7FCE59968}.Debug|x86.ActiveCfg = Debug|Win32
		{064D28E7-4F22-4F76-999D-31A7FCE59968}.Debug|x86.Build.0 = Debug|Win32
		{064D28E7-4F22-4F76-999D-31A7FCE59968}.Release|x64.ActiveCfg = Release|x64
		{064D28E7-4F22-4F76-999D-31A7FCE59968}.Release|x64.Build.0 = Release|x64
		{064D28E7-4F22-4F76-999D-31A7FCE59968}.Release|x86.ActiveCfg = Release|Win32
		{064D28E7-4F22-4F76-999D-31A7FCE59968}.Release|x86.Build.0 = Release|Win32
		{299CC596-6AC3-4C31-A137-41983C11980A}.Debug|x64.ActiveCfg = Debug|x64
		{299CC596-6AC3-4C31-A137-41983C11980A}.Debug|x64.Build.0 = Debug|x64
		{299CC596-6AC3-4C31-A137-41983C11980A}.Debug|x86.ActiveCfg = Debug|Win32
		{299CC596-6AC3-4C31-A137-41983C11980A}.Debug|x86.Build.0 = Debug|Win32
		{299CC596-6AC3-4C31-A137-41983C11980A}.Release|x64.ActiveCfg = Release|x64
		{299CC596-6AC3-4C31-A137-41983C11980A}.Release|x64.Build.0 = Release|x64
		{299CC596-6AC3-4C31-A137-41983C11980A}.Release|x86.ActiveCfg = Release|Win32
		{299CC596-6AC3-4C31-A137-41983C11980A}.Release|x86.Build.0 = Release|Win32
		{4BC3B7B3-E0A8-465A-B184-497624F62507}.Debug|x64.ActiveCfg = Debug|x64
		{4BC3B7B3-E0A8-465A-B184-497624F62507}.Debug|x64.Build.0 = Debug|x64
		{4BC3B7B3-E0A8-465A-B184-497624F62507}.Debug|x86.ActiveCfg = Debug|Win32
		{4BC3B7B3-E0A8-465A-B184-497624F62507}.Debug|x86.Build.0 = Debug|Win32
		{4BC3B7B3-E0A8-465A-B184-497624F62507}.Release|x64.ActiveCfg = Release|x64
		{4BC3B7B3-E0A8-465A-B184-497624F62507}.Release|x64.Build.0 = Release|x64
		{4BC3B7B3-E0A8-465A-B184-497624F62507}.Release|x86.ActiveCfg = Release|Win32
		{4BC3B7B3-E0A8-465A-B184-497624F62507}.Release|x86.Build.0 = Release|Win32
		{D261CC1A-2101-41CC-8298-50CD3D1C6B70}.Debug|x64.ActiveCfg = Debug|x64
		{D261CC1A-2101-41CC-8298-50CD3D1C6B70}.Debug|x64.Build.0 = Debug|x64
		{D261CC1A-2101-41CC-8298-50CD3D1C6B70}.Debug|x86.ActiveCfg = Debug|Win32
		{D261CC1A-2101-41CC-8298-50CD3D1C6B70}.Debug|x86.Build.0 = Debug|Win32
		{D261CC1A-2101-41CC-8298-50CD3D1C6B70}.Release|x64.ActiveCfg = Release|x64
		{D261CC1A-2101-41CC-8298-50CD3D1C6B70}.Release|x64.Build.0 = Release|x64
		{D261CC1A-2101-41CC-8298-50CD3D1C6B70}.Release|x86.ActiveCfg = Release|Win32
		{D261CC1A-2101-41CC-8298-50CD3D1C6B70}.Release|x86.Build.0 = Release|Win32
		{60374706-45F5-470C-9B73-0DC2ADBF66DB}.Debug|x64.ActiveCfg = Debug|x64
		{60374706-45F5-470C-9B73-0DC2ADBF66DB}.Debug|x64.Build.0 = Debug|x64
		{60374706-45F5-470C-9B73-0DC2ADBF66DB}.Debug|x86.ActiveCfg = Debug|Win32
		{60374706-45F5-470C-9B73-0DC2ADBF66DB}.Debug|x86.Build.0 = Debug|Win32
		{60374706-45F5-470C-9B73-0DC2ADBF66DB}.Release|x64.ActiveCfg = Release|x64
		{60374706-45F5-470C-9B73-0DC2ADBF66DB}.Release|x64.Build.0 = Release|x64
		{60374706-45F5-470C-9B73-0DC2ADBF66DB}.Release|x86.ActiveCfg = Release|Win32
		{60374706-45F5-470C-9B73-0DC2ADBF66DB}.Release|x86.Build.0 = Release|Win32
	EndGlobalSection
	GlobalSection(SolutionProperties) = preSolution
		HideSolutionNode = FALSE
	EndGlobalSection
	GlobalSection(ExtensibilityGlobals) = postSolution
		SolutionGuid = {B38E985E-3BB7-4777-B3E1-56A49A1F2CED}
	EndGlobalSection
EndGlobal
