
Microsoft Visual Studio Solution File, Format Version 12.00
# Visual Studio Version 17
VisualStudioVersion = 17.2.32630.192
MinimumVisualStudioVersion = 10.0.40219.1
Project("{8BC9CEB8-8B4A-11D0-8D11-00A0C91BC942}") = "单向链表", "单向链表\单向链表.vcxproj", "{5E9FBA4D-6EC9-41D5-8D06-3684D6F74306}"
EndProject
Project("{8BC9CEB8-8B4A-11D0-8D11-00A0C91BC942}") = "顺序表", "顺序表\顺序表.vcxproj", "{32089562-4729-4E28-9A25-E90C7E4C07E5}"
EndProject
Project("{8BC9CEB8-8B4A-11D0-8D11-00A0C91BC942}") = "双向链表", "双向链表\双向链表.vcxproj", "{4F050FAF-5516-4206-987B-A978A3FB1C4F}"
EndProject
Project("{8BC9CEB8-8B4A-11D0-8D11-00A0C91BC942}") = "顺序栈", "顺序栈\顺序栈.vcxproj", "{DE41201B-7A4A-450D-A9E3-E4A5801D3991}"
EndProject
Project("{8BC9CEB8-8B4A-11D0-8D11-00A0C91BC942}") = "循环队列", "循环队列\循环队列.vcxproj", "{064D28E7-4F22-4F76-999D-31A7FCE59968}"
EndProject
Project("{8BC9CEB8-8B4A-11D0-8D11-00A0C91BC942}") = "链式队列", "链式队列\链式队列.vcxproj", "{299CC596-6AC3-4C31-A137-41983C11980A}"
EndProject
Project("{8BC9CEB8-8B4A-11D0-8D11-00A0C91BC942}") = "链式队列2", "链式队列2\链式队列2.vcxproj", "{4BC3B7B3-E0A8-465A-B184-497624F62507}"
EndProject
Project("{8BC9CEB8-8B4A-11D0-8D11-00A0C91BC942}") = "普通二叉树", "普通二叉树\普通二叉树.vcxproj", "{D261CC1A-2101-41CC-8298-50CD3D1C6B70}"
EndProject
Project("{8BC9CEB8-8B4A-11D0-8D11-00A0C91BC942}") = "线索二叉树", "线索二叉树\线索二叉树.vcxproj", "{60374706-45F5-470C-9B73-0DC2ADBF66DB}"
EndProject
Project("{8BC9CEB8-8B4A-11D0-8D11-00A0C91BC942}") = "排序二叉树", "排序二叉树\排序二叉树.vcxproj", "{D597BA2A-DF64-44B0-8CF7-D32DE9EF2C1C}"
EndProject
Project("{8BC9CEB8-8B4A-11D0-8D11-00A0C91BC942}") = "字符串匹配KMP", "字符串匹配KMP\字符串匹配KMP.vcxproj", "{F3B60B8C-3CFD-4E17-86BD-18EA1B7465FA}"
EndProject
Project("{8BC9CEB8-8B4A-11D0-8D11-00A0C91BC942}") = "折半查找", "折半查找\折半查找.vcxproj", "{E5F6209D-6951-4791-897C-B91A5A9DDBB5}"
EndProject
Project("{8BC9CEB8-8B4A-11D0-8D11-00A0C91BC942}") = "散列表", "散列表\散列表.vcxproj", "{11FABADE-DA1E-416A-B3EF-302C9E2C9D02}"
EndProject
Project("{8BC9CEB8-8B4A-11D0-8D11-00A0C91BC942}") = "插入排序", "插入排序\插入排序.vcxproj", "{3BC9581B-A2D5-4A0D-9657-2AA9C2226343}"
EndProject
Project("{8BC9CEB8-8B4A-11D0-8D11-00A0C91BC942}") = "交换排序", "交换排序\交换排序.vcxproj", "{E96390C7-2237-4AA8-801A-A669E7445328}"
EndProject
Project("{8BC9CEB8-8B4A-11D0-8D11-00A0C91BC942}") = "选择排序", "选择排序\选择排序.vcxproj", "{44887D9A-527E-4AA3-970F-A21E2A31277C}"
EndProject
Project("{8BC9CEB8-8B4A-11D0-8D11-00A0C91BC942}") = "归并排序", "归并排序\归并排序.vcxproj", "{54B87FB8-2E89-4986-B407-8C02D9AF5420}"
EndProject
Global
	GlobalSection(SolutionConfigurationPlatforms) = preSolution
		Debug|x64 = Debug|x64
		Debug|x86 = Debug|x86
		Release|x64 = Release|x64
		Release|x86 = Release|x86
	EndGlobalSection
	GlobalSection(ProjectConfigurationPlatforms) = postSolution
		{5E9FBA4D-6EC9-41D5-8D06-3684D6F74306}.Debug|x64.ActiveCfg = Debug|x64
		{5E9FBA4D-6EC9-41D5-8D06-3684D6F74306}.Debug|x64.Build.0 = Debug|x64
		{5E9FBA4D-6EC9-41D5-8D06-3684D6F74306}.Debug|x86.ActiveCfg = Debug|Win32
		{5E9FBA4D-6EC9-41D5-8D06-3684D6F74306}.Debug|x86.Build.0 = Debug|Win32
		{5E9FBA4D-6EC9-41D5-8D06-3684D6F74306}.Release|x64.ActiveCfg = Release|x64
		{5E9FBA4D-6EC9-41D5-8D06-3684D6F74306}.Release|x64.Build.0 = Release|x64
		{5E9FBA4D-6EC9-41D5-8D06-3684D6F74306}.Release|x86.ActiveCfg = Release|Win32
		{5E9FBA4D-6EC9-41D5-8D06-3684D6F74306}.Release|x86.Build.0 = Release|Win32
		{32089562-4729-4E28-9A25-E90C7E4C07E5}.Debug|x64.ActiveCfg = Debug|x64
		{32089562-4729-4E28-9A25-E90C7E4C07E5}.Debug|x64.Build.0 = Debug|x64
		{32089562-4729-4E28-9A25-E90C7E4C07E5}.Debug|x86.ActiveCfg = Debug|Win32
		{32089562-4729-4E28-9A25-E90C7E4C07E5}.Debug|x86.Build.0 = Debug|Win32
		{32089562-4729-4E28-9A25-E90C7E4C07E5}.Release|x64.ActiveCfg = Release|x64
		{32089562-4729-4E28-9A25-E90C7E4C07E5}.Release|x64.Build.0 = Release|x64
		{32089562-4729-4E28-9A25-E90C7E4C07E5}.Release|x86.ActiveCfg = Release|Win32
		{32089562-4729-4E28-9A25-E90C7E4C07E5}.Release|x86.Build.0 = Release|Win32
		{4F050FAF-5516-4206-987B-A978A3FB1C4F}.Debug|x64.ActiveCfg = Debug|x64
		{4F050FAF-5516-4206-987B-A978A3FB1C4F}.Debug|x64.Build.0 = Debug|x64
		{4F050FAF-5516-4206-987B-A978A3FB1C4F}.Debug|x86.ActiveCfg = Debug|Win32
		{4F050FAF-5516-4206-987B-A978A3FB1C4F}.Debug|x86.Build.0 = Debug|Win32
		{4F050FAF-5516-4206-987B-A978A3FB1C4F}.Release|x64.ActiveCfg = Release|x64
		{4F050FAF-5516-4206-987B-A978A3FB1C4F}.Release|x64.Build.0 = Release|x64
		{4F050FAF-5516-4206-987B-A978A3FB1C4F}.Release|x86.ActiveCfg = Release|Win32
		{4F050FAF-5516-4206-987B-A978A3FB1C4F}.Release|x86.Build.0 = Release|Win32
		{DE41201B-7A4A-450D-A9E3-E4A5801D3991}.Debug|x64.ActiveCfg = Debug|x64
		{DE41201B-7A4A-450D-A9E3-E4A5801D3991}.Debug|x64.Build.0 = Debug|x64
		{DE41201B-7A4A-450D-A9E3-E4A5801D3991}.Debug|x86.ActiveCfg = Debug|Win32
		{DE41201B-7A4A-450D-A9E3-E4A5801D3991}.Debug|x86.Build.0 = Debug|Win32
		{DE41201B-7A4A-450D-A9E3-E4A5801D3991}.Release|x64.ActiveCfg = Release|x64
		{DE41201B-7A4A-450D-A9E3-E4A5801D3991}.Release|x64.Build.0 = Release|x64
		{DE41201B-7A4A-450D-A9E3-E4A5801D3991}.Release|x86.ActiveCfg = Release|Win32
		{DE41201B-7A4A-450D-A9E3-E4A5801D3991}.Release|x86.Build.0 = Release|Win32
		{064D28E7-4F22-4F76-999D-31A7FCE59968}.Debug|x64.ActiveCfg = Debug|x64
		{064D28E7-4F22-4F76-999D-31A7FCE59968}.Debug|x64.Build.0 = Debug|x64
		{064D28E7-4F22-4F76-999D-31A7FCE59968}.Debug|x86.ActiveCfg = Debug|Win32
		{064D28E7-4F22-4F76-999D-31A7FCE59968}.Debug|x86.Build.0 = Debug|Win32
		{064D28E7-4F22-4F76-999D-31A7FCE59968}.Release|x64.ActiveCfg = Release|x64
		{064D28E7-4F22-4F76-999D-31A7FCE59968}.Release|x64.Build.0 = Release|x64
		{064D28E7-4F22-4F76-999D-31A7FCE59968}.Release|x86.ActiveCfg = Release|Win32
		{064D28E7-4F22-4F76-999D-31A7FCE59968}.Release|x86.Build.0 = Release|Win32
		{299CC596-6AC3-4C31-A137-41983C11980A}.Debug|x64.ActiveCfg = Debug|x64
		{299CC596-6AC3-4C31-A137-41983C11980A}.Debug|x64.Build.0 = Debug|x64
		{299CC596-6AC3-4C31-A137-41983C11980A}.Debug|x86.ActiveCfg = Debug|Win32
		{299CC596-6AC3-4C31-A137-41983C11980A}.Debug|x86.Build.0 = Debug|Win32
		{299CC596-6AC3-4C31-A137-41983C11980A}.Release|x64.ActiveCfg = Release|x64
		{299CC596-6AC3-4C31-A137-41983C11980A}.Release|x64.Build.0 = Release|x64
		{299CC596-6AC3-4C31-A137-41983C11980A}.Release|x86.ActiveCfg = Release|Win32
		{299CC596-6AC3-4C31-A137-41983C11980A}.Release|x86.Build.0 = Release|Win32
		{4BC3B7B3-E0A8-465A-B184-497624F62507}.Debug|x64.ActiveCfg = Debug|x64
		{4BC3B7B3-E0A8-465A-B184-497624F62507}.Debug|x64.Build.0 = Debug|x64
		{4BC3B7B3-E0A8-465A-B184-497624F62507}.Debug|x86.ActiveCfg = Debug|Win32
		{4BC3B7B3-E0A8-465A-B184-497624F62507}.Debug|x86.Build.0 = Debug|Win32
		{4BC3B7B3-E0A8-465A-B184-497624F62507}.Release|x64.ActiveCfg = Release|x64
		{4BC3B7B3-E0A8-465A-B184-497624F62507}.Release|x64.Build.0 = Release|x64
		{4BC3B7B3-E0A8-465A-B184-497624F62507}.Release|x86.ActiveCfg = Release|Win32
		{4BC3B7B3-E0A8-465A-B184-497624F62507}.Release|x86.Build.0 = Release|Win32
		{D261CC1A-2101-41CC-8298-50CD3D1C6B70}.Debug|x64.ActiveCfg = Debug|x64
		{D261CC1A-2101-41CC-8298-50CD3D1C6B70}.Debug|x64.Build.0 = Debug|x64
		{D261CC1A-2101-41CC-8298-50CD3D1C6B70}.Debug|x86.ActiveCfg = Debug|Win32
		{D261CC1A-2101-41CC-8298-50CD3D1C6B70}.Debug|x86.Build.0 = Debug|Win32
		{D261CC1A-2101-41CC-8298-50CD3D1C6B70}.Release|x64.ActiveCfg = Release|x64
		{D261CC1A-2101-41CC-8298-50CD3D1C6B70}.Release|x64.Build.0 = Release|x64
		{D261CC1A-2101-41CC-8298-50CD3D1C6B70}.Release|x86.ActiveCfg = Release|Win32
		{D261CC1A-2101-41CC-8298-50CD3D1C6B70}.Release|x86.Build.0 = Release|Win32
		{60374706-45F5-470C-9B73-0DC2ADBF66DB}.Debug|x64.ActiveCfg = Debug|x64
		{60374706-45F5-470C-9B73-0DC2ADBF66DB}.Debug|x64.Build.0 = Debug|x64
		{60374706-45F5-470C-9B73-0DC2ADBF66DB}.Debug|x86.ActiveCfg = Debug|Win32
		{60374706-45F5-470C-9B73-0DC2ADBF66DB}.Debug|x86.Build.0 = Debug|Win32
		{60374706-45F5-470C-9B73-0DC2ADBF66DB}.Release|x64.ActiveCfg = Release|x64
		{60374706-45F5-470C-9B73-0DC2ADBF66DB}.Release|x64.Build.0 = Release|x64
		{60374706-45F5-470C-9B73-0DC2ADBF66DB}.Release|x86.ActiveCfg = Release|Win32
		{60374706-45F5-470C-9B73-0DC2ADBF66DB}.Release|x86.Build.0 = Release|Win32
		{D597BA2A-DF64-44B0-8CF7-D32DE9EF2C1C}.Debug|x64.ActiveCfg = Debug|x64
		{D597BA2A-DF64-44B0-8CF7-D32DE9EF2C1C}.Debug|x64.Build.0 = Debug|x64
		{D597BA2A-DF64-44B0-8CF7-D32DE9EF2C1C}.Debug|x86.ActiveCfg = Debug|Win32
		{D597BA2A-DF64-44B0-8CF7-D32DE9EF2C1C}.Debug|x86.Build.0 = Debug|Win32
		{D597BA2A-DF64-44B0-8CF7-D32DE9EF2C1C}.Release|x64.ActiveCfg = Release|x64
		{D597BA2A-DF64-44B0-8CF7-D32DE9EF2C1C}.Release|x64.Build.0 = Release|x64
		{D597BA2A-DF64-44B0-8CF7-D32DE9EF2C1C}.Release|x86.ActiveCfg = Release|Win32
		{D597BA2A-DF64-44B0-8CF7-D32DE9EF2C1C}.Release|x86.Build.0 = Release|Win32
		{F3B60B8C-3CFD-4E17-86BD-18EA1B7465FA}.Debug|x64.ActiveCfg = Debug|x64
		{F3B60B8C-3CFD-4E17-86BD-18EA1B7465FA}.Debug|x64.Build.0 = Debug|x64
		{F3B60B8C-3CFD-4E17-86BD-18EA1B7465FA}.Debug|x86.ActiveCfg = Debug|Win32
		{F3B60B8C-3CFD-4E17-86BD-18EA1B7465FA}.Debug|x86.Build.0 = Debug|Win32
		{F3B60B8C-3CFD-4E17-86BD-18EA1B7465FA}.Release|x64.ActiveCfg = Release|x64
		{F3B60B8C-3CFD-4E17-86BD-18EA1B7465FA}.Release|x64.Build.0 = Release|x64
		{F3B60B8C-3CFD-4E17-86BD-18EA1B7465FA}.Release|x86.ActiveCfg = Release|Win32
		{F3B60B8C-3CFD-4E17-86BD-18EA1B7465FA}.Release|x86.Build.0 = Release|Win32
		{E5F6209D-6951-4791-897C-B91A5A9DDBB5}.Debug|x64.ActiveCfg = Debug|x64
		{E5F6209D-6951-4791-897C-B91A5A9DDBB5}.Debug|x64.Build.0 = Debug|x64
		{E5F6209D-6951-4791-897C-B91A5A9DDBB5}.Debug|x86.ActiveCfg = Debug|Win32
		{E5F6209D-6951-4791-897C-B91A5A9DDBB5}.Debug|x86.Build.0 = Debug|Win32
		{E5F6209D-6951-4791-897C-B91A5A9DDBB5}.Release|x64.ActiveCfg = Release|x64
		{E5F6209D-6951-4791-897C-B91A5A9DDBB5}.Release|x64.Build.0 = Release|x64
		{E5F6209D-6951-4791-897C-B91A5A9DDBB5}.Release|x86.ActiveCfg = Release|Win32
		{E5F6209D-6951-4791-897C-B91A5A9DDBB5}.Release|x86.Build.0 = Release|Win32
		{11FABADE-DA1E-416A-B3EF-302C9E2C9D02}.Debug|x64.ActiveCfg = Debug|x64
		{11FABADE-DA1E-416A-B3EF-302C9E2C9D02}.Debug|x64.Build.0 = Debug|x64
		{11FABADE-DA1E-416A-B3EF-302C9E2C9D02}.Debug|x86.ActiveCfg = Debug|Win32
		{11FABADE-DA1E-416A-B3EF-302C9E2C9D02}.Debug|x86.Build.0 = Debug|Win32
		{11FABADE-DA1E-416A-B3EF-302C9E2C9D02}.Release|x64.ActiveCfg = Release|x64
		{11FABADE-DA1E-416A-B3EF-302C9E2C9D02}.Release|x64.Build.0 = Release|x64
		{11FABADE-DA1E-416A-B3EF-302C9E2C9D02}.Release|x86.ActiveCfg = Release|Win32
		{11FABADE-DA1E-416A-B3EF-302C9E2C9D02}.Release|x86.Build.0 = Release|Win32
		{3BC9581B-A2D5-4A0D-9657-2AA9C2226343}.Debug|x64.ActiveCfg = Debug|x64
		{3BC9581B-A2D5-4A0D-9657-2AA9C2226343}.Debug|x64.Build.0 = Debug|x64
		{3BC9581B-A2D5-4A0D-9657-2AA9C2226343}.Debug|x86.ActiveCfg = Debug|Win32
		{3BC9581B-A2D5-4A0D-9657-2AA9C2226343}.Debug|x86.Build.0 = Debug|Win32
		{3BC9581B-A2D5-4A0D-9657-2AA9C2226343}.Release|x64.ActiveCfg = Release|x64
		{3BC9581B-A2D5-4A0D-9657-2AA9C2226343}.Release|x64.Build.0 = Release|x64
		{3BC9581B-A2D5-4A0D-9657-2AA9C2226343}.Release|x86.ActiveCfg = Release|Win32
		{3BC9581B-A2D5-4A0D-9657-2AA9C2226343}.Release|x86.Build.0 = Release|Win32
		{E96390C7-2237-4AA8-801A-A669E7445328}.Debug|x64.ActiveCfg = Debug|x64
		{E96390C7-2237-4AA8-801A-A669E7445328}.Debug|x64.Build.0 = Debug|x64
		{E96390C7-2237-4AA8-801A-A669E7445328}.Debug|x86.ActiveCfg = Debug|Win32
		{E96390C7-2237-4AA8-801A-A669E7445328}.Debug|x86.Build.0 = Debug|Win32
		{E96390C7-2237-4AA8-801A-A669E7445328}.Release|x64.ActiveCfg = Release|x64
		{E96390C7-2237-4AA8-801A-A669E7445328}.Release|x64.Build.0 = Release|x64
		{E96390C7-2237-4AA8-801A-A669E7445328}.Release|x86.ActiveCfg = Release|Win32
		{E96390C7-2237-4AA8-801A-A669E7445328}.Release|x86.Build.0 = Release|Win32
		{44887D9A-527E-4AA3-970F-A21E2A31277C}.Debug|x64.ActiveCfg = Debug|x64
		{44887D9A-527E-4AA3-970F-A21E2A31277C}.Debug|x64.Build.0 = Debug|x64
		{44887D9A-527E-4AA3-970F-A21E2A31277C}.Debug|x86.ActiveCfg = Debug|Win32
		{44887D9A-527E-4AA3-970F-A21E2A31277C}.Debug|x86.Build.0 = Debug|Win32
		{44887D9A-527E-4AA3-970F-A21E2A31277C}.Release|x64.ActiveCfg = Release|x64
		{44887D9A-527E-4AA3-970F-A21E2A31277C}.Release|x64.Build.0 = Release|x64
		{44887D9A-527E-4AA3-970F-A21E2A31277C}.Release|x86.ActiveCfg = Release|Win32
		{44887D9A-527E-4AA3-970F-A21E2A31277C}.Release|x86.Build.0 = Release|Win32
		{54B87FB8-2E89-4986-B407-8C02D9AF5420}.Debug|x64.ActiveCfg = Debug|x64
		{54B87FB8-2E89-4986-B407-8C02D9AF5420}.Debug|x64.Build.0 = Debug|x64
		{54B87FB8-2E89-4986-B407-8C02D9AF5420}.Debug|x86.ActiveCfg = Debug|Win32
		{54B87FB8-2E89-4986-B407-8C02D9AF5420}.Debug|x86.Build.0 = Debug|Win32
		{54B87FB8-2E89-4986-B407-8C02D9AF5420}.Release|x64.ActiveCfg = Release|x64
		{54B87FB8-2E89-4986-B407-8C02D9AF5420}.Release|x64.Build.0 = Release|x64
		{54B87FB8-2E89-4986-B407-8C02D9AF5420}.Release|x86.ActiveCfg = Release|Win32
		{54B87FB8-2E89-4986-B407-8C02D9AF5420}.Release|x86.Build.0 = Release|Win32
	EndGlobalSection
	GlobalSection(SolutionProperties) = preSolution
		HideSolutionNode = FALSE
	EndGlobalSection
	GlobalSection(ExtensibilityGlobals) = postSolution
		SolutionGuid = {B38E985E-3BB7-4777-B3E1-56A49A1F2CED}
	EndGlobalSection
EndGlobal
